// !$*UTF8*$!
{
	archiveVersion = 1;
	classes = {
	};
	objectVersion = 46;
	objects = {

/* Begin PBXBuildFile section */
		5C07CF6A1F162C1D00E55FB1 /* BoardDetailViewController.swift in Sources */ = {isa = PBXBuildFile; fileRef = 5C07CF691F162C1D00E55FB1 /* BoardDetailViewController.swift */; };
		5C07CF6E1F16340500E55FB1 /* BoardCollectionViewCell.swift in Sources */ = {isa = PBXBuildFile; fileRef = 5C07CF6D1F16340500E55FB1 /* BoardCollectionViewCell.swift */; };
		5C07CF721F17279500E55FB1 /* PinTableViewCell.swift in Sources */ = {isa = PBXBuildFile; fileRef = 5C07CF711F17279500E55FB1 /* PinTableViewCell.swift */; };
		5C8DA8711F0DDED6009D2B3B /* AppDelegate.swift in Sources */ = {isa = PBXBuildFile; fileRef = 5C8DA8701F0DDED6009D2B3B /* AppDelegate.swift */; };
		5C8DA8731F0DDED6009D2B3B /* BoardsViewController.swift in Sources */ = {isa = PBXBuildFile; fileRef = 5C8DA8721F0DDED6009D2B3B /* BoardsViewController.swift */; };
		5C8DA8761F0DDED6009D2B3B /* Main.storyboard in Resources */ = {isa = PBXBuildFile; fileRef = 5C8DA8741F0DDED6009D2B3B /* Main.storyboard */; };
		5C8DA8791F0DDED6009D2B3B /* PinIt_.xcdatamodeld in Sources */ = {isa = PBXBuildFile; fileRef = 5C8DA8771F0DDED6009D2B3B /* PinIt_.xcdatamodeld */; };
		5C8DA87B1F0DDED6009D2B3B /* Assets.xcassets in Resources */ = {isa = PBXBuildFile; fileRef = 5C8DA87A1F0DDED6009D2B3B /* Assets.xcassets */; };
		5C8DA87E1F0DDED6009D2B3B /* LaunchScreen.storyboard in Resources */ = {isa = PBXBuildFile; fileRef = 5C8DA87C1F0DDED6009D2B3B /* LaunchScreen.storyboard */; };
		5C8DA8891F0DDED6009D2B3B /* PinIt_Tests.swift in Sources */ = {isa = PBXBuildFile; fileRef = 5C8DA8881F0DDED6009D2B3B /* PinIt_Tests.swift */; };
		5C8DA8941F0DDED6009D2B3B /* PinIt_UITests.swift in Sources */ = {isa = PBXBuildFile; fileRef = 5C8DA8931F0DDED6009D2B3B /* PinIt_UITests.swift */; };
		5CBE9F001F14D8A4008CEC36 /* AddPinViewController.swift in Sources */ = {isa = PBXBuildFile; fileRef = 5CBE9EFF1F14D8A4008CEC36 /* AddPinViewController.swift */; };
/* End PBXBuildFile section */

/* Begin PBXContainerItemProxy section */
		5C8DA8851F0DDED6009D2B3B /* PBXContainerItemProxy */ = {
			isa = PBXContainerItemProxy;
			containerPortal = 5C8DA8651F0DDED6009D2B3B /* Project object */;
			proxyType = 1;
			remoteGlobalIDString = 5C8DA86C1F0DDED6009D2B3B;
			remoteInfo = "PinIt!";
		};
		5C8DA8901F0DDED6009D2B3B /* PBXContainerItemProxy */ = {
			isa = PBXContainerItemProxy;
			containerPortal = 5C8DA8651F0DDED6009D2B3B /* Project object */;
			proxyType = 1;
			remoteGlobalIDString = 5C8DA86C1F0DDED6009D2B3B;
			remoteInfo = "PinIt!";
		};
/* End PBXContainerItemProxy section */

/* Begin PBXFileReference section */
		5C07CF691F162C1D00E55FB1 /* BoardDetailViewController.swift */ = {isa = PBXFileReference; fileEncoding = 4; lastKnownFileType = sourcecode.swift; path = BoardDetailViewController.swift; sourceTree = "<group>"; };
		5C07CF6D1F16340500E55FB1 /* BoardCollectionViewCell.swift */ = {isa = PBXFileReference; fileEncoding = 4; lastKnownFileType = sourcecode.swift; path = BoardCollectionViewCell.swift; sourceTree = "<group>"; };
		5C07CF711F17279500E55FB1 /* PinTableViewCell.swift */ = {isa = PBXFileReference; fileEncoding = 4; lastKnownFileType = sourcecode.swift; path = PinTableViewCell.swift; sourceTree = "<group>"; };
		5C8DA86D1F0DDED6009D2B3B /* PinIt!.app */ = {isa = PBXFileReference; explicitFileType = wrapper.application; includeInIndex = 0; path = "PinIt!.app"; sourceTree = BUILT_PRODUCTS_DIR; };
		5C8DA8701F0DDED6009D2B3B /* AppDelegate.swift */ = {isa = PBXFileReference; lastKnownFileType = sourcecode.swift; path = AppDelegate.swift; sourceTree = "<group>"; };
		5C8DA8721F0DDED6009D2B3B /* BoardsViewController.swift */ = {isa = PBXFileReference; lastKnownFileType = sourcecode.swift; path = BoardsViewController.swift; sourceTree = "<group>"; };
		5C8DA8751F0DDED6009D2B3B /* Base */ = {isa = PBXFileReference; lastKnownFileType = file.storyboard; name = Base; path = Base.lproj/Main.storyboard; sourceTree = "<group>"; };
		5C8DA8781F0DDED6009D2B3B /* PinIt_.xcdatamodel */ = {isa = PBXFileReference; lastKnownFileType = wrapper.xcdatamodel; path = PinIt_.xcdatamodel; sourceTree = "<group>"; };
		5C8DA87A1F0DDED6009D2B3B /* Assets.xcassets */ = {isa = PBXFileReference; lastKnownFileType = folder.assetcatalog; path = Assets.xcassets; sourceTree = "<group>"; };
		5C8DA87D1F0DDED6009D2B3B /* Base */ = {isa = PBXFileReference; lastKnownFileType = file.storyboard; name = Base; path = Base.lproj/LaunchScreen.storyboard; sourceTree = "<group>"; };
		5C8DA87F1F0DDED6009D2B3B /* Info.plist */ = {isa = PBXFileReference; lastKnownFileType = text.plist.xml; path = Info.plist; sourceTree = "<group>"; };
		5C8DA8841F0DDED6009D2B3B /* PinIt!Tests.xctest */ = {isa = PBXFileReference; explicitFileType = wrapper.cfbundle; includeInIndex = 0; path = "PinIt!Tests.xctest"; sourceTree = BUILT_PRODUCTS_DIR; };
		5C8DA8881F0DDED6009D2B3B /* PinIt_Tests.swift */ = {isa = PBXFileReference; lastKnownFileType = sourcecode.swift; path = PinIt_Tests.swift; sourceTree = "<group>"; };
		5C8DA88A1F0DDED6009D2B3B /* Info.plist */ = {isa = PBXFileReference; lastKnownFileType = text.plist.xml; path = Info.plist; sourceTree = "<group>"; };
		5C8DA88F1F0DDED6009D2B3B /* PinIt!UITests.xctest */ = {isa = PBXFileReference; explicitFileType = wrapper.cfbundle; includeInIndex = 0; path = "PinIt!UITests.xctest"; sourceTree = BUILT_PRODUCTS_DIR; };
		5C8DA8931F0DDED6009D2B3B /* PinIt_UITests.swift */ = {isa = PBXFileReference; lastKnownFileType = sourcecode.swift; path = PinIt_UITests.swift; sourceTree = "<group>"; };
		5C8DA8951F0DDED6009D2B3B /* Info.plist */ = {isa = PBXFileReference; lastKnownFileType = text.plist.xml; path = Info.plist; sourceTree = "<group>"; };
		5CBE9EFF1F14D8A4008CEC36 /* AddPinViewController.swift */ = {isa = PBXFileReference; fileEncoding = 4; lastKnownFileType = sourcecode.swift; path = AddPinViewController.swift; sourceTree = "<group>"; };
/* End PBXFileReference section */

/* Begin PBXFrameworksBuildPhase section */
		5C8DA86A1F0DDED6009D2B3B /* Frameworks */ = {
			isa = PBXFrameworksBuildPhase;
			buildActionMask = 2147483647;
			files = (
			);
			runOnlyForDeploymentPostprocessing = 0;
		};
		5C8DA8811F0DDED6009D2B3B /* Frameworks */ = {
			isa = PBXFrameworksBuildPhase;
			buildActionMask = 2147483647;
			files = (
			);
			runOnlyForDeploymentPostprocessing = 0;
		};
		5C8DA88C1F0DDED6009D2B3B /* Frameworks */ = {
			isa = PBXFrameworksBuildPhase;
			buildActionMask = 2147483647;
			files = (
			);
			runOnlyForDeploymentPostprocessing = 0;
		};
/* End PBXFrameworksBuildPhase section */

/* Begin PBXGroup section */
		5C8DA8641F0DDED6009D2B3B = {
			isa = PBXGroup;
			children = (
				5C8DA86F1F0DDED6009D2B3B /* PinIt! */,
				5C8DA8871F0DDED6009D2B3B /* PinIt!Tests */,
				5C8DA8921F0DDED6009D2B3B /* PinIt!UITests */,
				5C8DA86E1F0DDED6009D2B3B /* Products */,
			);
			sourceTree = "<group>";
		};
		5C8DA86E1F0DDED6009D2B3B /* Products */ = {
			isa = PBXGroup;
			children = (
				5C8DA86D1F0DDED6009D2B3B /* PinIt!.app */,
				5C8DA8841F0DDED6009D2B3B /* PinIt!Tests.xctest */,
				5C8DA88F1F0DDED6009D2B3B /* PinIt!UITests.xctest */,
			);
			name = Products;
			sourceTree = "<group>";
		};
		5C8DA86F1F0DDED6009D2B3B /* PinIt! */ = {
			isa = PBXGroup;
			children = (
				5C8DA8701F0DDED6009D2B3B /* AppDelegate.swift */,
				5C07CF6D1F16340500E55FB1 /* BoardCollectionViewCell.swift */,
				5C07CF711F17279500E55FB1 /* PinTableViewCell.swift */,
				5C8DA8721F0DDED6009D2B3B /* BoardsViewController.swift */,
				5C07CF691F162C1D00E55FB1 /* BoardDetailViewController.swift */,
				5CBE9EFF1F14D8A4008CEC36 /* AddPinViewController.swift */,
				5C8DA8741F0DDED6009D2B3B /* Main.storyboard */,
				5C8DA87A1F0DDED6009D2B3B /* Assets.xcassets */,
				5C8DA87C1F0DDED6009D2B3B /* LaunchScreen.storyboard */,
				5C8DA87F1F0DDED6009D2B3B /* Info.plist */,
				5C8DA8771F0DDED6009D2B3B /* PinIt_.xcdatamodeld */,
			);
			path = "PinIt!";
			sourceTree = "<group>";
		};
		5C8DA8871F0DDED6009D2B3B /* PinIt!Tests */ = {
			isa = PBXGroup;
			children = (
				5C8DA8881F0DDED6009D2B3B /* PinIt_Tests.swift */,
				5C8DA88A1F0DDED6009D2B3B /* Info.plist */,
			);
			path = "PinIt!Tests";
			sourceTree = "<group>";
		};
		5C8DA8921F0DDED6009D2B3B /* PinIt!UITests */ = {
			isa = PBXGroup;
			children = (
				5C8DA8931F0DDED6009D2B3B /* PinIt_UITests.swift */,
				5C8DA8951F0DDED6009D2B3B /* Info.plist */,
			);
			path = "PinIt!UITests";
			sourceTree = "<group>";
		};
/* End PBXGroup section */

/* Begin PBXNativeTarget section */
		5C8DA86C1F0DDED6009D2B3B /* PinIt! */ = {
			isa = PBXNativeTarget;
			buildConfigurationList = 5C8DA8981F0DDED6009D2B3B /* Build configuration list for PBXNativeTarget "PinIt!" */;
			buildPhases = (
				5C8DA8691F0DDED6009D2B3B /* Sources */,
				5C8DA86A1F0DDED6009D2B3B /* Frameworks */,
				5C8DA86B1F0DDED6009D2B3B /* Resources */,
			);
			buildRules = (
			);
			dependencies = (
			);
			name = "PinIt!";
			productName = "PinIt!";
			productReference = 5C8DA86D1F0DDED6009D2B3B /* PinIt!.app */;
			productType = "com.apple.product-type.application";
		};
		5C8DA8831F0DDED6009D2B3B /* PinIt!Tests */ = {
			isa = PBXNativeTarget;
			buildConfigurationList = 5C8DA89B1F0DDED6009D2B3B /* Build configuration list for PBXNativeTarget "PinIt!Tests" */;
			buildPhases = (
				5C8DA8801F0DDED6009D2B3B /* Sources */,
				5C8DA8811F0DDED6009D2B3B /* Frameworks */,
				5C8DA8821F0DDED6009D2B3B /* Resources */,
			);
			buildRules = (
			);
			dependencies = (
				5C8DA8861F0DDED6009D2B3B /* PBXTargetDependency */,
			);
			name = "PinIt!Tests";
			productName = "PinIt!Tests";
			productReference = 5C8DA8841F0DDED6009D2B3B /* PinIt!Tests.xctest */;
			productType = "com.apple.product-type.bundle.unit-test";
		};
		5C8DA88E1F0DDED6009D2B3B /* PinIt!UITests */ = {
			isa = PBXNativeTarget;
			buildConfigurationList = 5C8DA89E1F0DDED6009D2B3B /* Build configuration list for PBXNativeTarget "PinIt!UITests" */;
			buildPhases = (
				5C8DA88B1F0DDED6009D2B3B /* Sources */,
				5C8DA88C1F0DDED6009D2B3B /* Frameworks */,
				5C8DA88D1F0DDED6009D2B3B /* Resources */,
			);
			buildRules = (
			);
			dependencies = (
				5C8DA8911F0DDED6009D2B3B /* PBXTargetDependency */,
			);
			name = "PinIt!UITests";
			productName = "PinIt!UITests";
			productReference = 5C8DA88F1F0DDED6009D2B3B /* PinIt!UITests.xctest */;
			productType = "com.apple.product-type.bundle.ui-testing";
		};
/* End PBXNativeTarget section */

/* Begin PBXProject section */
		5C8DA8651F0DDED6009D2B3B /* Project object */ = {
			isa = PBXProject;
			attributes = {
				LastSwiftUpdateCheck = 0830;
				LastUpgradeCheck = 0830;
				ORGANIZATIONNAME = "Robo Atenaga";
				TargetAttributes = {
					5C8DA86C1F0DDED6009D2B3B = {
						CreatedOnToolsVersion = 8.3.3;
						DevelopmentTeam = 52K7VBPAG2;
						ProvisioningStyle = Automatic;
					};
					5C8DA8831F0DDED6009D2B3B = {
						CreatedOnToolsVersion = 8.3.3;
						DevelopmentTeam = 52K7VBPAG2;
						ProvisioningStyle = Automatic;
						TestTargetID = 5C8DA86C1F0DDED6009D2B3B;
					};
					5C8DA88E1F0DDED6009D2B3B = {
						CreatedOnToolsVersion = 8.3.3;
						DevelopmentTeam = 52K7VBPAG2;
						ProvisioningStyle = Automatic;
						TestTargetID = 5C8DA86C1F0DDED6009D2B3B;
					};
				};
			};
			buildConfigurationList = 5C8DA8681F0DDED6009D2B3B /* Build configuration list for PBXProject "PinIt!" */;
			compatibilityVersion = "Xcode 3.2";
			developmentRegion = English;
			hasScannedForEncodings = 0;
			knownRegions = (
				en,
				Base,
			);
			mainGroup = 5C8DA8641F0DDED6009D2B3B;
			productRefGroup = 5C8DA86E1F0DDED6009D2B3B /* Products */;
			projectDirPath = "";
			projectRoot = "";
			targets = (
				5C8DA86C1F0DDED6009D2B3B /* PinIt! */,
				5C8DA8831F0DDED6009D2B3B /* PinIt!Tests */,
				5C8DA88E1F0DDED6009D2B3B /* PinIt!UITests */,
			);
		};
/* End PBXProject section */

/* Begin PBXResourcesBuildPhase section */
		5C8DA86B1F0DDED6009D2B3B /* Resources */ = {
			isa = PBXResourcesBuildPhase;
			buildActionMask = 2147483647;
			files = (
				5C8DA87E1F0DDED6009D2B3B /* LaunchScreen.storyboard in Resources */,
				5C8DA87B1F0DDED6009D2B3B /* Assets.xcassets in Resources */,
				5C8DA8761F0DDED6009D2B3B /* Main.storyboard in Resources */,
			);
			runOnlyForDeploymentPostprocessing = 0;
		};
		5C8DA8821F0DDED6009D2B3B /* Resources */ = {
			isa = PBXResourcesBuildPhase;
			buildActionMask = 2147483647;
			files = (
			);
			runOnlyForDeploymentPostprocessing = 0;
		};
		5C8DA88D1F0DDED6009D2B3B /* Resources */ = {
			isa = PBXResourcesBuildPhase;
			buildActionMask = 2147483647;
			files = (
			);
			runOnlyForDeploymentPostprocessing = 0;
		};
/* End PBXResourcesBuildPhase section */

/* Begin PBXSourcesBuildPhase section */
		5C8DA8691F0DDED6009D2B3B /* Sources */ = {
			isa = PBXSourcesBuildPhase;
			buildActionMask = 2147483647;
			files = (
				5C07CF6E1F16340500E55FB1 /* BoardCollectionViewCell.swift in Sources */,
				5CBE9F001F14D8A4008CEC36 /* AddPinViewController.swift in Sources */,
				5C07CF6A1F162C1D00E55FB1 /* BoardDetailViewController.swift in Sources */,
				5C07CF721F17279500E55FB1 /* PinTableViewCell.swift in Sources */,
				5C8DA8731F0DDED6009D2B3B /* BoardsViewController.swift in Sources */,
				5C8DA8791F0DDED6009D2B3B /* PinIt_.xcdatamodeld in Sources */,
				5C8DA8711F0DDED6009D2B3B /* AppDelegate.swift in Sources */,
			);
			runOnlyForDeploymentPostprocessing = 0;
		};
		5C8DA8801F0DDED6009D2B3B /* Sources */ = {
			isa = PBXSourcesBuildPhase;
			buildActionMask = 2147483647;
			files = (
				5C8DA8891F0DDED6009D2B3B /* PinIt_Tests.swift in Sources */,
			);
			runOnlyForDeploymentPostprocessing = 0;
		};
		5C8DA88B1F0DDED6009D2B3B /* Sources */ = {
			isa = PBXSourcesBuildPhase;
			buildActionMask = 2147483647;
			files = (
				5C8DA8941F0DDED6009D2B3B /* PinIt_UITests.swift in Sources */,
			);
			runOnlyForDeploymentPostprocessing = 0;
		};
/* End PBXSourcesBuildPhase section */

/* Begin PBXTargetDependency section */
		5C8DA8861F0DDED6009D2B3B /* PBXTargetDependency */ = {
			isa = PBXTargetDependency;
			target = 5C8DA86C1F0DDED6009D2B3B /* PinIt! */;
			targetProxy = 5C8DA8851F0DDED6009D2B3B /* PBXContainerItemProxy */;
		};
		5C8DA8911F0DDED6009D2B3B /* PBXTargetDependency */ = {
			isa = PBXTargetDependency;
			target = 5C8DA86C1F0DDED6009D2B3B /* PinIt! */;
			targetProxy = 5C8DA8901F0DDED6009D2B3B /* PBXContainerItemProxy */;
		};
/* End PBXTargetDependency section */

/* Begin PBXVariantGroup section */
		5C8DA8741F0DDED6009D2B3B /* Main.storyboard */ = {
			isa = PBXVariantGroup;
			children = (
				5C8DA8751F0DDED6009D2B3B /* Base */,
			);
			name = Main.storyboard;
			sourceTree = "<group>";
		};
		5C8DA87C1F0DDED6009D2B3B /* LaunchScreen.storyboard */ = {
			isa = PBXVariantGroup;
			children = (
				5C8DA87D1F0DDED6009D2B3B /* Base */,
			);
			name = LaunchScreen.storyboard;
			sourceTree = "<group>";
		};
/* End PBXVariantGroup section */

/* Begin XCBuildConfiguration section */
		5C8DA8961F0DDED6009D2B3B /* Debug */ = {
			isa = XCBuildConfiguration;
			buildSettings = {
				ALWAYS_SEARCH_USER_PATHS = NO;
				CLANG_ANALYZER_NONNULL = YES;
				CLANG_ANALYZER_NUMBER_OBJECT_CONVERSION = YES_AGGRESSIVE;
				CLANG_CXX_LANGUAGE_STANDARD = "gnu++0x";
				CLANG_CXX_LIBRARY = "libc++";
				CLANG_ENABLE_MODULES = YES;
				CLANG_ENABLE_OBJC_ARC = YES;
				CLANG_WARN_BOOL_CONVERSION = YES;
				CLANG_WARN_CONSTANT_CONVERSION = YES;
				CLANG_WARN_DIRECT_OBJC_ISA_USAGE = YES_ERROR;
				CLANG_WARN_DOCUMENTATION_COMMENTS = YES;
				CLANG_WARN_EMPTY_BODY = YES;
				CLANG_WARN_ENUM_CONVERSION = YES;
				CLANG_WARN_INFINITE_RECURSION = YES;
				CLANG_WARN_INT_CONVERSION = YES;
				CLANG_WARN_OBJC_ROOT_CLASS = YES_ERROR;
				CLANG_WARN_SUSPICIOUS_MOVE = YES;
				CLANG_WARN_UNREACHABLE_CODE = YES;
				CLANG_WARN__DUPLICATE_METHOD_MATCH = YES;
				"CODE_SIGN_IDENTITY[sdk=iphoneos*]" = "iPhone Developer";
				COPY_PHASE_STRIP = NO;
				DEBUG_INFORMATION_FORMAT = dwarf;
				ENABLE_STRICT_OBJC_MSGSEND = YES;
				ENABLE_TESTABILITY = YES;
				GCC_C_LANGUAGE_STANDARD = gnu99;
				GCC_DYNAMIC_NO_PIC = NO;
				GCC_NO_COMMON_BLOCKS = YES;
				GCC_OPTIMIZATION_LEVEL = 0;
				GCC_PREPROCESSOR_DEFINITIONS = (
					"DEBUG=1",
					"$(inherited)",
				);
				GCC_WARN_64_TO_32_BIT_CONVERSION = YES;
				GCC_WARN_ABOUT_RETURN_TYPE = YES_ERROR;
				GCC_WARN_UNDECLARED_SELECTOR = YES;
				GCC_WARN_UNINITIALIZED_AUTOS = YES_AGGRESSIVE;
				GCC_WARN_UNUSED_FUNCTION = YES;
				GCC_WARN_UNUSED_VARIABLE = YES;
				IPHONEOS_DEPLOYMENT_TARGET = 10.3;
				MTL_ENABLE_DEBUG_INFO = YES;
				ONLY_ACTIVE_ARCH = YES;
				SDKROOT = iphoneos;
				SWIFT_ACTIVE_COMPILATION_CONDITIONS = DEBUG;
				SWIFT_OPTIMIZATION_LEVEL = "-Onone";
				TARGETED_DEVICE_FAMILY = "1,2";
			};
			name = Debug;
		};
		5C8DA8971F0DDED6009D2B3B /* Release */ = {
			isa = XCBuildConfiguration;
			buildSettings = {
				ALWAYS_SEARCH_USER_PATHS = NO;
				CLANG_ANALYZER_NONNULL = YES;
				CLANG_ANALYZER_NUMBER_OBJECT_CONVERSION = YES_AGGRESSIVE;
				CLANG_CXX_LANGUAGE_STANDARD = "gnu++0x";
				CLANG_CXX_LIBRARY = "libc++";
				CLANG_ENABLE_MODULES = YES;
				CLANG_ENABLE_OBJC_ARC = YES;
				CLANG_WARN_BOOL_CONVERSION = YES;
				CLANG_WARN_CONSTANT_CONVERSION = YES;
				CLANG_WARN_DIRECT_OBJC_ISA_USAGE = YES_ERROR;
				CLANG_WARN_DOCUMENTATION_COMMENTS = YES;
				CLANG_WARN_EMPTY_BODY = YES;
				CLANG_WARN_ENUM_CONVERSION = YES;
				CLANG_WARN_INFINITE_RECURSION = YES;
				CLANG_WARN_INT_CONVERSION = YES;
				CLANG_WARN_OBJC_ROOT_CLASS = YES_ERROR;
				CLANG_WARN_SUSPICIOUS_MOVE = YES;
				CLANG_WARN_UNREACHABLE_CODE = YES;
				CLANG_WARN__DUPLICATE_METHOD_MATCH = YES;
				"CODE_SIGN_IDENTITY[sdk=iphoneos*]" = "iPhone Developer";
				COPY_PHASE_STRIP = NO;
				DEBUG_INFORMATION_FORMAT = "dwarf-with-dsym";
				ENABLE_NS_ASSERTIONS = NO;
				ENABLE_STRICT_OBJC_MSGSEND = YES;
				GCC_C_LANGUAGE_STANDARD = gnu99;
				GCC_NO_COMMON_BLOCKS = YES;
				GCC_WARN_64_TO_32_BIT_CONVERSION = YES;
				GCC_WARN_ABOUT_RETURN_TYPE = YES_ERROR;
				GCC_WARN_UNDECLARED_SELECTOR = YES;
				GCC_WARN_UNINITIALIZED_AUTOS = YES_AGGRESSIVE;
				GCC_WARN_UNUSED_FUNCTION = YES;
				GCC_WARN_UNUSED_VARIABLE = YES;
				IPHONEOS_DEPLOYMENT_TARGET = 10.3;
				MTL_ENABLE_DEBUG_INFO = NO;
				SDKROOT = iphoneos;
				SWIFT_OPTIMIZATION_LEVEL = "-Owholemodule";
				TARGETED_DEVICE_FAMILY = "1,2";
				VALIDATE_PRODUCT = YES;
			};
			name = Release;
		};
		5C8DA8991F0DDED6009D2B3B /* Debug */ = {
			isa = XCBuildConfiguration;
			buildSettings = {
				ASSETCATALOG_COMPILER_APPICON_NAME = AppIcon;
				DEVELOPMENT_TEAM = 52K7VBPAG2;
				INFOPLIST_FILE = "PinIt!/Info.plist";
				LD_RUNPATH_SEARCH_PATHS = "$(inherited) @executable_path/Frameworks";
				PRODUCT_BUNDLE_IDENTIFIER = "com.roboOrg.PinIt-";
				PRODUCT_NAME = "$(TARGET_NAME)";
				SWIFT_VERSION = 3.0;
			};
			name = Debug;
		};
		5C8DA89A1F0DDED6009D2B3B /* Release */ = {
			isa = XCBuildConfiguration;
			buildSettings = {
				ASSETCATALOG_COMPILER_APPICON_NAME = AppIcon;
				DEVELOPMENT_TEAM = 52K7VBPAG2;
				INFOPLIST_FILE = "PinIt!/Info.plist";
				LD_RUNPATH_SEARCH_PATHS = "$(inherited) @executable_path/Frameworks";
				PRODUCT_BUNDLE_IDENTIFIER = "com.roboOrg.PinIt-";
				PRODUCT_NAME = "$(TARGET_NAME)";
				SWIFT_VERSION = 3.0;
			};
			name = Release;
		};
		5C8DA89C1F0DDED6009D2B3B /* Debug */ = {
			isa = XCBuildConfiguration;
			buildSettings = {
				ALWAYS_EMBED_SWIFT_STANDARD_LIBRARIES = YES;
				BUNDLE_LOADER = "$(TEST_HOST)";
				DEVELOPMENT_TEAM = 52K7VBPAG2;
				INFOPLIST_FILE = "PinIt!Tests/Info.plist";
				LD_RUNPATH_SEARCH_PATHS = "$(inherited) @executable_path/Frameworks @loader_path/Frameworks";
				PRODUCT_BUNDLE_IDENTIFIER = "com.roboOrg.PinIt-Tests";
				PRODUCT_NAME = "$(TARGET_NAME)";
				SWIFT_VERSION = 3.0;
				TEST_HOST = "$(BUILT_PRODUCTS_DIR)/PinIt!.app/PinIt!";
			};
			name = Debug;
		};
		5C8DA89D1F0DDED6009D2B3B /* Release */ = {
			isa = XCBuildConfiguration;
			buildSettings = {
				ALWAYS_EMBED_SWIFT_STANDARD_LIBRARIES = YES;
				BUNDLE_LOADER = "$(TEST_HOST)";
				DEVELOPMENT_TEAM = 52K7VBPAG2;
				INFOPLIST_FILE = "PinIt!Tests/Info.plist";
				LD_RUNPATH_SEARCH_PATHS = "$(inherited) @executable_path/Frameworks @loader_path/Frameworks";
				PRODUCT_BUNDLE_IDENTIFIER = "com.roboOrg.PinIt-Tests";
				PRODUCT_NAME = "$(TARGET_NAME)";
				SWIFT_VERSION = 3.0;
				TEST_HOST = "$(BUILT_PRODUCTS_DIR)/PinIt!.app/PinIt!";
			};
			name = Release;
		};
		5C8DA89F1F0DDED6009D2B3B /* Debug */ = {
			isa = XCBuildConfiguration;
			buildSettings = {
				ALWAYS_EMBED_SWIFT_STANDARD_LIBRARIES = YES;
				DEVELOPMENT_TEAM = 52K7VBPAG2;
				INFOPLIST_FILE = "PinIt!UITests/Info.plist";
				LD_RUNPATH_SEARCH_PATHS = "$(inherited) @executable_path/Frameworks @loader_path/Frameworks";
				PRODUCT_BUNDLE_IDENTIFIER = "com.roboOrg.PinIt-UITests";
				PRODUCT_NAME = "$(TARGET_NAME)";
				SWIFT_VERSION = 3.0;
				TEST_TARGET_NAME = "PinIt!";
			};
			name = Debug;
		};
		5C8DA8A01F0DDED6009D2B3B /* Release */ = {
			isa = XCBuildConfiguration;
			buildSettings = {
				ALWAYS_EMBED_SWIFT_STANDARD_LIBRARIES = YES;
				DEVELOPMENT_TEAM = 52K7VBPAG2;
				INFOPLIST_FILE = "PinIt!UITests/Info.plist";
				LD_RUNPATH_SEARCH_PATHS = "$(inherited) @executable_path/Frameworks @loader_path/Frameworks";
				PRODUCT_BUNDLE_IDENTIFIER = "com.roboOrg.PinIt-UITests";
				PRODUCT_NAME = "$(TARGET_NAME)";
				SWIFT_VERSION = 3.0;
				TEST_TARGET_NAME = "PinIt!";
			};
			name = Release;
		};
/* End XCBuildConfiguration section */

/* Begin XCConfigurationList section */
		5C8DA8681F0DDED6009D2B3B /* Build configuration list for PBXProject "PinIt!" */ = {
			isa = XCConfigurationList;
			buildConfigurations = (
				5C8DA8961F0DDED6009D2B3B /* Debug */,
				5C8DA8971F0DDED6009D2B3B /* Release */,
			);
			defaultConfigurationIsVisible = 0;
			defaultConfigurationName = Release;
		};
		5C8DA8981F0DDED6009D2B3B /* Build configuration list for PBXNativeTarget "PinIt!" */ = {
			isa = XCConfigurationList;
			buildConfigurations = (
				5C8DA8991F0DDED6009D2B3B /* Debug */,
				5C8DA89A1F0DDED6009D2B3B /* Release */,
			);
			defaultConfigurationIsVisible = 0;
			defaultConfigurationName = Release;
		};
		5C8DA89B1F0DDED6009D2B3B /* Build configuration list for PBXNativeTarget "PinIt!Tests" */ = {
			isa = XCConfigurationList;
			buildConfigurations = (
				5C8DA89C1F0DDED6009D2B3B /* Debug */,
				5C8DA89D1F0DDED6009D2B3B /* Release */,
			);
			defaultConfigurationIsVisible = 0;
			defaultConfigurationName = Release;
		};
		5C8DA89E1F0DDED6009D2B3B /* Build configuration list for PBXNativeTarget "PinIt!UITests" */ = {
			isa = XCConfigurationList;
			buildConfigurations = (
				5C8DA89F1F0DDED6009D2B3B /* Debug */,
				5C8DA8A01F0DDED6009D2B3B /* Release */,
			);
			defaultConfigurationIsVisible = 0;
			defaultConfigurationName = Release;
		};
/* End XCConfigurationList section */

/* Begin XCVersionGroup section */
		5C8DA8771F0DDED6009D2B3B /* PinIt_.xcdatamodeld */ = {
			isa = XCVersionGroup;
			children = (
				5C8DA8781F0DDED6009D2B3B /* PinIt_.xcdatamodel */,
			);
			currentVersion = 5C8DA8781F0DDED6009D2B3B /* PinIt_.xcdatamodel */;
			path = PinIt_.xcdatamodeld;
			sourceTree = "<group>";
			versionGroupType = wrapper.xcdatamodel;
		};
/* End XCVersionGroup section */
	};
	rootObject = 5C8DA8651F0DDED6009D2B3B /* Project object */;
}
